Microsoft Visual Studio Solution File, Format Version 12.00
# Visual Studio Version 17
VisualStudioVersion = 17.5.2.0
MinimumVisualStudioVersion = 10.0.40219.1
Project("{FAE04EC0-301F-11D3-BF4B-00C04F79EFBC}") = "task-management-app-backend", "task-management-app-backend.csproj", "{B3C6CF4A-FB5E-0677-9D93-CF298EBCDCE8}"
EndProject
Global
	GlobalSection(SolutionConfigurationPlatforms) = preSolution
		Debug|Any CPU = Debug|Any CPU
		Release|Any CPU = Release|Any CPU
	EndGlobalSection
	GlobalSection(ProjectConfigurationPlatforms) = postSolution
		{B3C6CF4A-FB5E-0677-9D93-CF298EBCDCE8}.Debug|Any CPU.ActiveCfg = Debug|Any CPU
		{B3C6CF4A-FB5E-0677-9D93-CF298EBCDCE8}.Debug|Any CPU.Build.0 = Debug|Any CPU
		{B3C6CF4A-FB5E-0677-9D93-CF298EBCDCE8}.Release|Any CPU.ActiveCfg = Release|Any CPU
		{B3C6CF4A-FB5E-0677-9D93-CF298EBCDCE8}.Release|Any CPU.Build.0 = Release|Any CPU
	EndGlobalSection
	GlobalSection(SolutionProperties) = preSolution
		HideSolutionNode = FALSE
	EndGlobalSection
	GlobalSection(ExtensibilityGlobals) = postSolution
		SolutionGuid = {6CDEA31D-898D-4910-8845-FC58CC0D1206}
	EndGlobalSection
EndGlobal
